
Microsoft Visual Studio Solution File, Format Version 12.00
# Visual Studio Version 17
VisualStudioVersion = 17.2.32516.85
MinimumVisualStudioVersion = 10.0.40219.1
Project("{2150E333-8FDC-42A3-9474-1A3956D46DE8}") = "Solution Items", "Solution Items", "{4FC8D1D5-CFE9-4B8B-B1C8-D7D92D978E17}"
	ProjectSection(SolutionItems) = preProject
		.gitignore = .gitignore
		create-localization.py = create-localization.py
		README.md = README.md
		solution.targets = solution.targets
		solution_private.targets = solution_private.targets
	EndProjectSection
EndProject
Project("{9A19103F-16F7-4668-BE54-9A1E7A4F7556}") = "testing", "testing\testing.csproj", "{9FD56FC5-A66C-4CD4-A47E-8F4B3D43F000}"
EndProject
Project("{9A19103F-16F7-4668-BE54-9A1E7A4F7556}") = "movement_speed", "movement_speed\movement_speed.csproj", "{52CF781E-5AA4-4210-AD2E-3972B6A2F4A0}"
EndProject
Project("{9A19103F-16F7-4668-BE54-9A1E7A4F7556}") = "custom_textures", "custom_textures\custom_textures.csproj", "{5ACBB520-255D-45D0-B218-A535F5E70CF3}"
EndProject
Project("{2150E333-8FDC-42A3-9474-1A3956D46DE8}") = "shared", "shared", "{2BFE6E4A-7962-4EE2-9253-0A555637B7C0}"
	ProjectSection(SolutionItems) = preProject
		shared\ReflectionUtils.cs = shared\ReflectionUtils.cs
	EndProjectSection
EndProject
Project("{9A19103F-16F7-4668-BE54-9A1E7A4F7556}") = "community_localization", "community_localization\community_localization.csproj", "{AC9BDB96-CC28-49F9-9C73-64BF23D76706}"
EndProject
Global
	GlobalSection(SolutionConfigurationPlatforms) = preSolution
		Debug|Any CPU = Debug|Any CPU
		Release|Any CPU = Release|Any CPU
	EndGlobalSection
	GlobalSection(ProjectConfigurationPlatforms) = postSolution
		{9FD56FC5-A66C-4CD4-A47E-8F4B3D43F000}.Debug|Any CPU.ActiveCfg = Debug|Any CPU
		{9FD56FC5-A66C-4CD4-A47E-8F4B3D43F000}.Debug|Any CPU.Build.0 = Debug|Any CPU
		{9FD56FC5-A66C-4CD4-A47E-8F4B3D43F000}.Release|Any CPU.ActiveCfg = Release|Any CPU
		{9FD56FC5-A66C-4CD4-A47E-8F4B3D43F000}.Release|Any CPU.Build.0 = Release|Any CPU
		{52CF781E-5AA4-4210-AD2E-3972B6A2F4A0}.Debug|Any CPU.ActiveCfg = Debug|Any CPU
		{52CF781E-5AA4-4210-AD2E-3972B6A2F4A0}.Debug|Any CPU.Build.0 = Debug|Any CPU
		{52CF781E-5AA4-4210-AD2E-3972B6A2F4A0}.Release|Any CPU.ActiveCfg = Release|Any CPU
		{52CF781E-5AA4-4210-AD2E-3972B6A2F4A0}.Release|Any CPU.Build.0 = Release|Any CPU
		{5ACBB520-255D-45D0-B218-A535F5E70CF3}.Debug|Any CPU.ActiveCfg = Debug|Any CPU
		{5ACBB520-255D-45D0-B218-A535F5E70CF3}.Debug|Any CPU.Build.0 = Debug|Any CPU
		{5ACBB520-255D-45D0-B218-A535F5E70CF3}.Release|Any CPU.ActiveCfg = Release|Any CPU
		{5ACBB520-255D-45D0-B218-A535F5E70CF3}.Release|Any CPU.Build.0 = Release|Any CPU
		{AC9BDB96-CC28-49F9-9C73-64BF23D76706}.Debug|Any CPU.ActiveCfg = Debug|Any CPU
		{AC9BDB96-CC28-49F9-9C73-64BF23D76706}.Debug|Any CPU.Build.0 = Debug|Any CPU
		{AC9BDB96-CC28-49F9-9C73-64BF23D76706}.Release|Any CPU.ActiveCfg = Release|Any CPU
		{AC9BDB96-CC28-49F9-9C73-64BF23D76706}.Release|Any CPU.Build.0 = Release|Any CPU
	EndGlobalSection
	GlobalSection(SolutionProperties) = preSolution
		HideSolutionNode = FALSE
	EndGlobalSection
	GlobalSection(ExtensibilityGlobals) = postSolution
		SolutionGuid = {D77BA37B-C185-47DA-86F9-9AB7A429378B}
	EndGlobalSection
EndGlobal
